<Solution>
  <Folder Name="/src/">
    <Project Path="src/ItamiBen.Core/ItamiBen.Core.csproj" />
    <Project Path="src/ItamiBen.App/ItamiBen.App.csproj" />
  </Folder>
  <Folder Name="/tests/">
    <Project Path="tests/ItamiBen.Core.Tests/ItamiBen.Core.Tests.csproj" />
    <Project Path="tests/ItamiBen.App.Tests/ItamiBen.App.Tests.csproj" />
  </Folder>
</Solution>
